
Microsoft Visual Studio Solution File, Format Version 12.00
# Visual Studio 2013
VisualStudioVersion = 12.0.31101.0
MinimumVisualStudioVersion = 10.0.40219.1
Project("{FAE04EC0-301F-11D3-BF4B-00C04F79EFBC}") = "Main", "Main\Main.csproj", "{EA9A17C0-B0AC-40AC-B945-7B6108B5026A}"
EndProject
Project("{FAE04EC0-301F-11D3-BF4B-00C04F79EFBC}") = "Lib", "Lib\Lib.csproj", "{04BEC26A-844C-47D5-9E4E-203D6C15F5DC}"
EndProject
Project("{FAE04EC0-301F-11D3-BF4B-00C04F79EFBC}") = "DemoTrader", "DemoTrader\DemoTrader.csproj", "{F4DEED03-98B6-4E3C-AD8B-72274179F5D5}"
EndProject
Project("{FAE04EC0-301F-11D3-BF4B-00C04F79EFBC}") = "DemoApi", "DemoApi\DemoApi.csproj", "{4954F003-5C79-4860-BA16-4AD47BA61F55}"
EndProject
Global
	GlobalSection(SolutionConfigurationPlatforms) = preSolution
		Debug|Any CPU = Debug|Any CPU
		Release|Any CPU = Release|Any CPU
	EndGlobalSection
	GlobalSection(ProjectConfigurationPlatforms) = postSolution
		{EA9A17C0-B0AC-40AC-B945-7B6108B5026A}.Debug|Any CPU.ActiveCfg = Debug|Any CPU
		{EA9A17C0-B0AC-40AC-B945-7B6108B5026A}.Debug|Any CPU.Build.0 = Debug|Any CPU
		{EA9A17C0-B0AC-40AC-B945-7B6108B5026A}.Release|Any CPU.ActiveCfg = Release|Any CPU
		{EA9A17C0-B0AC-40AC-B945-7B6108B5026A}.Release|Any CPU.Build.0 = Release|Any CPU
		{04BEC26A-844C-47D5-9E4E-203D6C15F5DC}.Debug|Any CPU.ActiveCfg = Debug|Any CPU
		{04BEC26A-844C-47D5-9E4E-203D6C15F5DC}.Debug|Any CPU.Build.0 = Debug|Any CPU
		{04BEC26A-844C-47D5-9E4E-203D6C15F5DC}.Release|Any CPU.ActiveCfg = Release|Any CPU
		{04BEC26A-844C-47D5-9E4E-203D6C15F5DC}.Release|Any CPU.Build.0 = Release|Any CPU
		{F4DEED03-98B6-4E3C-AD8B-72274179F5D5}.Debug|Any CPU.ActiveCfg = Debug|Any CPU
		{F4DEED03-98B6-4E3C-AD8B-72274179F5D5}.Debug|Any CPU.Build.0 = Debug|Any CPU
		{F4DEED03-98B6-4E3C-AD8B-72274179F5D5}.Release|Any CPU.ActiveCfg = Release|Any CPU
		{F4DEED03-98B6-4E3C-AD8B-72274179F5D5}.Release|Any CPU.Build.0 = Release|Any CPU
		{4954F003-5C79-4860-BA16-4AD47BA61F55}.Debug|Any CPU.ActiveCfg = Debug|Any CPU
		{4954F003-5C79-4860-BA16-4AD47BA61F55}.Debug|Any CPU.Build.0 = Debug|Any CPU
		{4954F003-5C79-4860-BA16-4AD47BA61F55}.Release|Any CPU.ActiveCfg = Release|Any CPU
		{4954F003-5C79-4860-BA16-4AD47BA61F55}.Release|Any CPU.Build.0 = Release|Any CPU
	EndGlobalSection
	GlobalSection(SolutionProperties) = preSolution
		HideSolutionNode = FALSE
	EndGlobalSection
EndGlobal
